
Microsoft Visual Studio Solution File, Format Version 12.00
# Visual Studio 15
VisualStudioVersion = 15.0.28010.2003
MinimumVisualStudioVersion = 10.0.40219.1
Project("{FAE04EC0-301F-11D3-BF4B-00C04F79EFBC}") = "interview.questions", "interview.questions\interview.questions.csproj", "{530D11B9-3E4D-4C17-9917-357871249CDB}"
EndProject
Project("{FAE04EC0-301F-11D3-BF4B-00C04F79EFBC}") = "design.pattern", "design.pattern\design.pattern.csproj", "{D4DFB56B-2CF3-4203-907C-338791BC5963}"
EndProject
Global
	GlobalSection(SolutionConfigurationPlatforms) = preSolution
		Debug|Any CPU = Debug|Any CPU
		Release|Any CPU = Release|Any CPU
	EndGlobalSection
	GlobalSection(ProjectConfigurationPlatforms) = postSolution
		{530D11B9-3E4D-4C17-9917-357871249CDB}.Debug|Any CPU.ActiveCfg = Debug|Any CPU
		{530D11B9-3E4D-4C17-9917-357871249CDB}.Debug|Any CPU.Build.0 = Debug|Any CPU
		{530D11B9-3E4D-4C17-9917-357871249CDB}.Release|Any CPU.ActiveCfg = Release|Any CPU
		{530D11B9-3E4D-4C17-9917-357871249CDB}.Release|Any CPU.Build.0 = Release|Any CPU
		{D4DFB56B-2CF3-4203-907C-338791BC5963}.Debug|Any CPU.ActiveCfg = Debug|Any CPU
		{D4DFB56B-2CF3-4203-907C-338791BC5963}.Debug|Any CPU.Build.0 = Debug|Any CPU
		{D4DFB56B-2CF3-4203-907C-338791BC5963}.Release|Any CPU.ActiveCfg = Release|Any CPU
		{D4DFB56B-2CF3-4203-907C-338791BC5963}.Release|Any CPU.Build.0 = Release|Any CPU
	EndGlobalSection
	GlobalSection(SolutionProperties) = preSolution
		HideSolutionNode = FALSE
	EndGlobalSection
	GlobalSection(ExtensibilityGlobals) = postSolution
		SolutionGuid = {FDFB57FB-6446-42A1-ACD9-249F3958685D}
	EndGlobalSection
EndGlobal
